
Microsoft Visual Studio Solution File, Format Version 12.00
# Visual Studio Version 17
VisualStudioVersion = 17.11.35208.52
MinimumVisualStudioVersion = 10.0.40219.1
Project("{FAE04EC0-301F-11D3-BF4B-00C04F79EFBC}") = "formWebPrg3", "formWebPrg3\formWebPrg3.csproj", "{DD00F3C3-33D0-49CE-B13B-E7844789A314}"
EndProject
Global
	GlobalSection(SolutionConfigurationPlatforms) = preSolution
		Debug|Any CPU = Debug|Any CPU
		Release|Any CPU = Release|Any CPU
	EndGlobalSection
	GlobalSection(ProjectConfigurationPlatforms) = postSolution
		{DD00F3C3-33D0-49CE-B13B-E7844789A314}.Debug|Any CPU.ActiveCfg = Debug|Any CPU
		{DD00F3C3-33D0-49CE-B13B-E7844789A314}.Debug|Any CPU.Build.0 = Debug|Any CPU
		{DD00F3C3-33D0-49CE-B13B-E7844789A314}.Release|Any CPU.ActiveCfg = Release|Any CPU
		{DD00F3C3-33D0-49CE-B13B-E7844789A314}.Release|Any CPU.Build.0 = Release|Any CPU
	EndGlobalSection
	GlobalSection(SolutionProperties) = preSolution
		HideSolutionNode = FALSE
	EndGlobalSection
	GlobalSection(ExtensibilityGlobals) = postSolution
		SolutionGuid = {583E11B5-5F82-4629-9849-1BBC84500B31}
	EndGlobalSection
EndGlobal
